
Microsoft Visual Studio Solution File, Format Version 12.00
# Visual Studio Version 16
VisualStudioVersion = 16.0.28803.202
MinimumVisualStudioVersion = 10.0.40219.1
Project("{888888A0-9F3D-457C-B088-3A5042F75D52}") = "Background_subtraction", "Background_subtraction.pyproj", "{8A2742AB-E498-4395-A3C9-CBB5E0256530}"
EndProject
Global
	GlobalSection(SolutionConfigurationPlatforms) = preSolution
		Debug|Any CPU = Debug|Any CPU
		Release|Any CPU = Release|Any CPU
	EndGlobalSection
	GlobalSection(ProjectConfigurationPlatforms) = postSolution
		{8A2742AB-E498-4395-A3C9-CBB5E0256530}.Debug|Any CPU.ActiveCfg = Debug|Any CPU
		{8A2742AB-E498-4395-A3C9-CBB5E0256530}.Release|Any CPU.ActiveCfg = Release|Any CPU
	EndGlobalSection
	GlobalSection(SolutionProperties) = preSolution
		HideSolutionNode = FALSE
	EndGlobalSection
	GlobalSection(ExtensibilityGlobals) = postSolution
		SolutionGuid = {AA324458-6C75-4575-A858-0FC6EBD16FB2}
	EndGlobalSection
EndGlobal
